
Microsoft Visual Studio Solution File, Format Version 12.00
# Visual Studio 15
Project("{FAE04EC0-301F-11D3-BF4B-00C04F79EFBC}") = "Assembly-CSharp", "Assembly-CSharp.csproj", "{46CACE29-8D55-D91F-9492-FEE70F411D57}"
EndProject
Project("{FAE04EC0-301F-11D3-BF4B-00C04F79EFBC}") = "Assembly-CSharp-Editor", "Assembly-CSharp-Editor.csproj", "{9FC780F2-4725-B02B-11B6-56755B385C87}"
EndProject
Global
	GlobalSection(SolutionConfigurationPlatforms) = preSolution
		Debug|Any CPU = Debug|Any CPU
		Release|Any CPU = Release|Any CPU
	EndGlobalSection
	GlobalSection(ProjectConfigurationPlatforms) = postSolution
		{46CACE29-8D55-D91F-9492-FEE70F411D57}.Debug|Any CPU.ActiveCfg = Debug|Any CPU
		{46CACE29-8D55-D91F-9492-FEE70F411D57}.Debug|Any CPU.Build.0 = Debug|Any CPU
		{46CACE29-8D55-D91F-9492-FEE70F411D57}.Release|Any CPU.ActiveCfg = Release|Any CPU
		{46CACE29-8D55-D91F-9492-FEE70F411D57}.Release|Any CPU.Build.0 = Release|Any CPU
		{9FC780F2-4725-B02B-11B6-56755B385C87}.Debug|Any CPU.ActiveCfg = Debug|Any CPU
		{9FC780F2-4725-B02B-11B6-56755B385C87}.Debug|Any CPU.Build.0 = Debug|Any CPU
		{9FC780F2-4725-B02B-11B6-56755B385C87}.Release|Any CPU.ActiveCfg = Release|Any CPU
		{9FC780F2-4725-B02B-11B6-56755B385C87}.Release|Any CPU.Build.0 = Release|Any CPU
	EndGlobalSection
	GlobalSection(SolutionProperties) = preSolution
		HideSolutionNode = FALSE
	EndGlobalSection
EndGlobal
