
Microsoft Visual Studio Solution File, Format Version 11.00
# Visual Studio 2010
Project("{FAE04EC0-301F-11D3-BF4B-00C04F79EFBC}") = "Assembly-CSharp", "Assembly-CSharp.csproj", "{D9BFAC19-58AE-C9A9-5653-A189DB47521E}"
EndProject
Project("{FAE04EC0-301F-11D3-BF4B-00C04F79EFBC}") = "Assembly-CSharp-Editor", "Assembly-CSharp-Editor.csproj", "{DDE167EE-FEEB-0AD6-B8B9-62307D40DF3F}"
EndProject
Global
	GlobalSection(SolutionConfigurationPlatforms) = preSolution
		Debug|Any CPU = Debug|Any CPU
		Release|Any CPU = Release|Any CPU
	EndGlobalSection
	GlobalSection(ProjectConfigurationPlatforms) = postSolution
		{D9BFAC19-58AE-C9A9-5653-A189DB47521E}.Debug|Any CPU.ActiveCfg = Debug|Any CPU
		{D9BFAC19-58AE-C9A9-5653-A189DB47521E}.Debug|Any CPU.Build.0 = Debug|Any CPU
		{D9BFAC19-58AE-C9A9-5653-A189DB47521E}.Release|Any CPU.ActiveCfg = Release|Any CPU
		{D9BFAC19-58AE-C9A9-5653-A189DB47521E}.Release|Any CPU.Build.0 = Release|Any CPU
		{DDE167EE-FEEB-0AD6-B8B9-62307D40DF3F}.Debug|Any CPU.ActiveCfg = Debug|Any CPU
		{DDE167EE-FEEB-0AD6-B8B9-62307D40DF3F}.Debug|Any CPU.Build.0 = Debug|Any CPU
		{DDE167EE-FEEB-0AD6-B8B9-62307D40DF3F}.Release|Any CPU.ActiveCfg = Release|Any CPU
		{DDE167EE-FEEB-0AD6-B8B9-62307D40DF3F}.Release|Any CPU.Build.0 = Release|Any CPU
	EndGlobalSection
	GlobalSection(SolutionProperties) = preSolution
		HideSolutionNode = FALSE
	EndGlobalSection
EndGlobal
